
Microsoft Visual Studio Solution File, Format Version 12.00
# Visual Studio Version 16
VisualStudioVersion = 16.0.32126.315
MinimumVisualStudioVersion = 10.0.40219.1
Project("{FAE04EC0-301F-11D3-BF4B-00C04F79EFBC}") = "Elephant", "Elephant\Elephant.csproj", "{44488EF7-0656-4532-9FEE-3179F682EE00}"
EndProject
Global
	GlobalSection(SolutionConfigurationPlatforms) = preSolution
		Debug|Any CPU = Debug|Any CPU
		Release|Any CPU = Release|Any CPU
	EndGlobalSection
	GlobalSection(ProjectConfigurationPlatforms) = postSolution
		{44488EF7-0656-4532-9FEE-3179F682EE00}.Debug|Any CPU.ActiveCfg = Debug|Any CPU
		{44488EF7-0656-4532-9FEE-3179F682EE00}.Debug|Any CPU.Build.0 = Debug|Any CPU
		{44488EF7-0656-4532-9FEE-3179F682EE00}.Release|Any CPU.ActiveCfg = Release|Any CPU
		{44488EF7-0656-4532-9FEE-3179F682EE00}.Release|Any CPU.Build.0 = Release|Any CPU
	EndGlobalSection
	GlobalSection(SolutionProperties) = preSolution
		HideSolutionNode = FALSE
	EndGlobalSection
	GlobalSection(ExtensibilityGlobals) = postSolution
		SolutionGuid = {C7A99722-4244-4D6C-A74C-29A7BE7B865A}
	EndGlobalSection
EndGlobal
